
Microsoft Visual Studio Solution File, Format Version 10.00
# Visual Studio 2008
Project("{FAE04EC0-301F-11D3-BF4B-00C04F79EFBC}") = "CalculatorAssembly", "CalculatorAssembly\CalculatorAssembly.csproj", "{6CACAA0F-ACC8-460B-833F-BEE8132BF6BD}"
EndProject
Project("{FAE04EC0-301F-11D3-BF4B-00C04F79EFBC}") = "Testanwendung", "Testanwendung\Testanwendung.csproj", "{B2B30FF3-7356-4F80-B5F8-D8A4BEE2131C}"
EndProject
Global
	GlobalSection(SolutionConfigurationPlatforms) = preSolution
		Debug|Any CPU = Debug|Any CPU
		Release|Any CPU = Release|Any CPU
	EndGlobalSection
	GlobalSection(ProjectConfigurationPlatforms) = postSolution
		{6CACAA0F-ACC8-460B-833F-BEE8132BF6BD}.Debug|Any CPU.ActiveCfg = Debug|Any CPU
		{6CACAA0F-ACC8-460B-833F-BEE8132BF6BD}.Debug|Any CPU.Build.0 = Debug|Any CPU
		{6CACAA0F-ACC8-460B-833F-BEE8132BF6BD}.Release|Any CPU.ActiveCfg = Release|Any CPU
		{6CACAA0F-ACC8-460B-833F-BEE8132BF6BD}.Release|Any CPU.Build.0 = Release|Any CPU
		{B2B30FF3-7356-4F80-B5F8-D8A4BEE2131C}.Debug|Any CPU.ActiveCfg = Debug|Any CPU
		{B2B30FF3-7356-4F80-B5F8-D8A4BEE2131C}.Debug|Any CPU.Build.0 = Debug|Any CPU
		{B2B30FF3-7356-4F80-B5F8-D8A4BEE2131C}.Release|Any CPU.ActiveCfg = Release|Any CPU
		{B2B30FF3-7356-4F80-B5F8-D8A4BEE2131C}.Release|Any CPU.Build.0 = Release|Any CPU
	EndGlobalSection
	GlobalSection(SolutionProperties) = preSolution
		HideSolutionNode = FALSE
	EndGlobalSection
EndGlobal
